
Microsoft Visual Studio Solution File, Format Version 12.00
# Visual Studio Version 17
VisualStudioVersion = 17.8.34330.188
MinimumVisualStudioVersion = 10.0.40219.1
Project("{FAE04EC0-301F-11D3-BF4B-00C04F79EFBC}") = "BookStore", "BookStore\BookStore.csproj", "{F8539212-E3DE-47ED-BC67-E68BFD8FC6A1}"
EndProject
Global
	GlobalSection(SolutionConfigurationPlatforms) = preSolution
		Debug|Any CPU = Debug|Any CPU
		Release|Any CPU = Release|Any CPU
	EndGlobalSection
	GlobalSection(ProjectConfigurationPlatforms) = postSolution
		{F8539212-E3DE-47ED-BC67-E68BFD8FC6A1}.Debug|Any CPU.ActiveCfg = Debug|Any CPU
		{F8539212-E3DE-47ED-BC67-E68BFD8FC6A1}.Debug|Any CPU.Build.0 = Debug|Any CPU
		{F8539212-E3DE-47ED-BC67-E68BFD8FC6A1}.Release|Any CPU.ActiveCfg = Release|Any CPU
		{F8539212-E3DE-47ED-BC67-E68BFD8FC6A1}.Release|Any CPU.Build.0 = Release|Any CPU
	EndGlobalSection
	GlobalSection(SolutionProperties) = preSolution
		HideSolutionNode = FALSE
	EndGlobalSection
	GlobalSection(ExtensibilityGlobals) = postSolution
		SolutionGuid = {8DC7EBAD-E52F-4787-B845-6084F7B5775F}
	EndGlobalSection
EndGlobal
